// !$*UTF8*$!
{
	archiveVersion = 1;
	classes = {
	};
	objectVersion = 46;
	objects = {

/* Begin PBXBuildFile section */
		7A0016FA1C0D73E800802E6A /* main.m in Sources */ = {isa = PBXBuildFile; fileRef = 7A0016F91C0D73E800802E6A /* main.m */; };
		7A0016FD1C0D73E800802E6A /* AppDelegate.m in Sources */ = {isa = PBXBuildFile; fileRef = 7A0016FC1C0D73E800802E6A /* AppDelegate.m */; };
		7A0017001C0D73E800802E6A /* UITableView_Ten_.xcdatamodeld in Sources */ = {isa = PBXBuildFile; fileRef = 7A0016FE1C0D73E800802E6A /* UITableView_Ten_.xcdatamodeld */; };
		7A0017021C0D73E800802E6A /* Images.xcassets in Resources */ = {isa = PBXBuildFile; fileRef = 7A0017011C0D73E800802E6A /* Images.xcassets */; };
		7A0017051C0D73E800802E6A /* LaunchScreen.xib in Resources */ = {isa = PBXBuildFile; fileRef = 7A0017031C0D73E800802E6A /* LaunchScreen.xib */; };
		7A0017111C0D73E800802E6A /* UITableView_Ten_Tests.m in Sources */ = {isa = PBXBuildFile; fileRef = 7A0017101C0D73E800802E6A /* UITableView_Ten_Tests.m */; };
		7A00171B1C0D73F500802E6A /* File in Resources */ = {isa = PBXBuildFile; fileRef = 7A00171A1C0D73F500802E6A /* File */; };
		7A00171E1C0D744200802E6A /* MangoViewController.m in Sources */ = {isa = PBXBuildFile; fileRef = 7A00171D1C0D744200802E6A /* MangoViewController.m */; };
		7A0017201C0D7CCB00802E6A /* 1.jpg in Resources */ = {isa = PBXBuildFile; fileRef = 7A00171F1C0D7CCB00802E6A /* 1.jpg */; };
/* End PBXBuildFile section */

/* Begin PBXContainerItemProxy section */
		7A00170B1C0D73E800802E6A /* PBXContainerItemProxy */ = {
			isa = PBXContainerItemProxy;
			containerPortal = 7A0016EC1C0D73E800802E6A /* Project object */;
			proxyType = 1;
			remoteGlobalIDString = 7A0016F31C0D73E800802E6A;
			remoteInfo = "UITableView（Ten）";
		};
/* End PBXContainerItemProxy section */

/* Begin PBXFileReference section */
		7A0016F41C0D73E800802E6A /* UITableView（Ten）.app */ = {isa = PBXFileReference; explicitFileType = wrapper.application; includeInIndex = 0; path = "UITableView（Ten）.app"; sourceTree = BUILT_PRODUCTS_DIR; };
		7A0016F81C0D73E800802E6A /* Info.plist */ = {isa = PBXFileReference; lastKnownFileType = text.plist.xml; path = Info.plist; sourceTree = "<group>"; };
		7A0016F91C0D73E800802E6A /* main.m */ = {isa = PBXFileReference; lastKnownFileType = sourcecode.c.objc; path = main.m; sourceTree = "<group>"; };
		7A0016FB1C0D73E800802E6A /* AppDelegate.h */ = {isa = PBXFileReference; lastKnownFileType = sourcecode.c.h; path = AppDelegate.h; sourceTree = "<group>"; };
		7A0016FC1C0D73E800802E6A /* AppDelegate.m */ = {isa = PBXFileReference; lastKnownFileType = sourcecode.c.objc; path = AppDelegate.m; sourceTree = "<group>"; };
		7A0016FF1C0D73E800802E6A /* UITableView_Ten_.xcdatamodel */ = {isa = PBXFileReference; lastKnownFileType = wrapper.xcdatamodel; path = UITableView_Ten_.xcdatamodel; sourceTree = "<group>"; };
		7A0017011C0D73E800802E6A /* Images.xcassets */ = {isa = PBXFileReference; lastKnownFileType = folder.assetcatalog; path = Images.xcassets; sourceTree = "<group>"; };
		7A0017041C0D73E800802E6A /* Base */ = {isa = PBXFileReference; lastKnownFileType = file.xib; name = Base; path = Base.lproj/LaunchScreen.xib; sourceTree = "<group>"; };
		7A00170A1C0D73E800802E6A /* UITableView（Ten）Tests.xctest */ = {isa = PBXFileReference; explicitFileType = wrapper.cfbundle; includeInIndex = 0; path = "UITableView（Ten）Tests.xctest"; sourceTree = BUILT_PRODUCTS_DIR; };
		7A00170F1C0D73E800802E6A /* Info.plist */ = {isa = PBXFileReference; lastKnownFileType = text.plist.xml; path = Info.plist; sourceTree = "<group>"; };
		7A0017101C0D73E800802E6A /* UITableView_Ten_Tests.m */ = {isa = PBXFileReference; lastKnownFileType = sourcecode.c.objc; path = UITableView_Ten_Tests.m; sourceTree = "<group>"; };
		7A00171A1C0D73F500802E6A /* File */ = {isa = PBXFileReference; fileEncoding = 4; lastKnownFileType = text; path = File; sourceTree = "<group>"; };
		7A00171C1C0D744200802E6A /* MangoViewController.h */ = {isa = PBXFileReference; fileEncoding = 4; lastKnownFileType = sourcecode.c.h; name = MangoViewController.h; path = ../MangoViewController.h; sourceTree = "<group>"; };
		7A00171D1C0D744200802E6A /* MangoViewController.m */ = {isa = PBXFileReference; fileEncoding = 4; lastKnownFileType = sourcecode.c.objc; name = MangoViewController.m; path = ../MangoViewController.m; sourceTree = "<group>"; };
		7A00171F1C0D7CCB00802E6A /* 1.jpg */ = {isa = PBXFileReference; lastKnownFileType = image.jpeg; path = 1.jpg; sourceTree = "<group>"; };
/* End PBXFileReference section */

/* Begin PBXFrameworksBuildPhase section */
		7A0016F11C0D73E800802E6A /* Frameworks */ = {
			isa = PBXFrameworksBuildPhase;
			buildActionMask = 2147483647;
			files = (
			);
			runOnlyForDeploymentPostprocessing = 0;
		};
		7A0017071C0D73E800802E6A /* Frameworks */ = {
			isa = PBXFrameworksBuildPhase;
			buildActionMask = 2147483647;
			files = (
			);
			runOnlyForDeploymentPostprocessing = 0;
		};
/* End PBXFrameworksBuildPhase section */

/* Begin PBXGroup section */
		7A0016EB1C0D73E800802E6A = {
			isa = PBXGroup;
			children = (
				7A00171A1C0D73F500802E6A /* File */,
				7A0016F61C0D73E800802E6A /* UITableView（Ten） */,
				7A00170D1C0D73E800802E6A /* UITableView（Ten）Tests */,
				7A0016F51C0D73E800802E6A /* Products */,
			);
			sourceTree = "<group>";
		};
		7A0016F51C0D73E800802E6A /* Products */ = {
			isa = PBXGroup;
			children = (
				7A0016F41C0D73E800802E6A /* UITableView（Ten）.app */,
				7A00170A1C0D73E800802E6A /* UITableView（Ten）Tests.xctest */,
			);
			name = Products;
			sourceTree = "<group>";
		};
		7A0016F61C0D73E800802E6A /* UITableView（Ten） */ = {
			isa = PBXGroup;
			children = (
				7A0016FB1C0D73E800802E6A /* AppDelegate.h */,
				7A0016FC1C0D73E800802E6A /* AppDelegate.m */,
				7A00171F1C0D7CCB00802E6A /* 1.jpg */,
				7A00171C1C0D744200802E6A /* MangoViewController.h */,
				7A00171D1C0D744200802E6A /* MangoViewController.m */,
				7A0017011C0D73E800802E6A /* Images.xcassets */,
				7A0017031C0D73E800802E6A /* LaunchScreen.xib */,
				7A0016FE1C0D73E800802E6A /* UITableView_Ten_.xcdatamodeld */,
				7A0016F71C0D73E800802E6A /* Supporting Files */,
			);
			path = "UITableView（Ten）";
			sourceTree = "<group>";
		};
		7A0016F71C0D73E800802E6A /* Supporting Files */ = {
			isa = PBXGroup;
			children = (
				7A0016F81C0D73E800802E6A /* Info.plist */,
				7A0016F91C0D73E800802E6A /* main.m */,
			);
			name = "Supporting Files";
			sourceTree = "<group>";
		};
		7A00170D1C0D73E800802E6A /* UITableView（Ten）Tests */ = {
			isa = PBXGroup;
			children = (
				7A0017101C0D73E800802E6A /* UITableView_Ten_Tests.m */,
				7A00170E1C0D73E800802E6A /* Supporting Files */,
			);
			path = "UITableView（Ten）Tests";
			sourceTree = "<group>";
		};
		7A00170E1C0D73E800802E6A /* Supporting Files */ = {
			isa = PBXGroup;
			children = (
				7A00170F1C0D73E800802E6A /* Info.plist */,
			);
			name = "Supporting Files";
			sourceTree = "<group>";
		};
/* End PBXGroup section */

/* Begin PBXNativeTarget section */
		7A0016F31C0D73E800802E6A /* UITableView（Ten） */ = {
			isa = PBXNativeTarget;
			buildConfigurationList = 7A0017141C0D73E800802E6A /* Build configuration list for PBXNativeTarget "UITableView（Ten）" */;
			buildPhases = (
				7A0016F01C0D73E800802E6A /* Sources */,
				7A0016F11C0D73E800802E6A /* Frameworks */,
				7A0016F21C0D73E800802E6A /* Resources */,
			);
			buildRules = (
			);
			dependencies = (
			);
			name = "UITableView（Ten）";
			productName = "UITableView（Ten）";
			productReference = 7A0016F41C0D73E800802E6A /* UITableView（Ten）.app */;
			productType = "com.apple.product-type.application";
		};
		7A0017091C0D73E800802E6A /* UITableView（Ten）Tests */ = {
			isa = PBXNativeTarget;
			buildConfigurationList = 7A0017171C0D73E800802E6A /* Build configuration list for PBXNativeTarget "UITableView（Ten）Tests" */;
			buildPhases = (
				7A0017061C0D73E800802E6A /* Sources */,
				7A0017071C0D73E800802E6A /* Frameworks */,
				7A0017081C0D73E800802E6A /* Resources */,
			);
			buildRules = (
			);
			dependencies = (
				7A00170C1C0D73E800802E6A /* PBXTargetDependency */,
			);
			name = "UITableView（Ten）Tests";
			productName = "UITableView（Ten）Tests";
			productReference = 7A00170A1C0D73E800802E6A /* UITableView（Ten）Tests.xctest */;
			productType = "com.apple.product-type.bundle.unit-test";
		};
/* End PBXNativeTarget section */

/* Begin PBXProject section */
		7A0016EC1C0D73E800802E6A /* Project object */ = {
			isa = PBXProject;
			attributes = {
				LastUpgradeCheck = 0620;
				ORGANIZATIONNAME = "张鹏飞";
				TargetAttributes = {
					7A0016F31C0D73E800802E6A = {
						CreatedOnToolsVersion = 6.2;
					};
					7A0017091C0D73E800802E6A = {
						CreatedOnToolsVersion = 6.2;
						TestTargetID = 7A0016F31C0D73E800802E6A;
					};
				};
			};
			buildConfigurationList = 7A0016EF1C0D73E800802E6A /* Build configuration list for PBXProject "UITableView（Ten）" */;
			compatibilityVersion = "Xcode 3.2";
			developmentRegion = English;
			hasScannedForEncodings = 0;
			knownRegions = (
				en,
				Base,
			);
			mainGroup = 7A0016EB1C0D73E800802E6A;
			productRefGroup = 7A0016F51C0D73E800802E6A /* Products */;
			projectDirPath = "";
			projectRoot = "";
			targets = (
				7A0016F31C0D73E800802E6A /* UITableView（Ten） */,
				7A0017091C0D73E800802E6A /* UITableView（Ten）Tests */,
			);
		};
/* End PBXProject section */

/* Begin PBXResourcesBuildPhase section */
		7A0016F21C0D73E800802E6A /* Resources */ = {
			isa = PBXResourcesBuildPhase;
			buildActionMask = 2147483647;
			files = (
				7A0017051C0D73E800802E6A /* LaunchScreen.xib in Resources */,
				7A0017201C0D7CCB00802E6A /* 1.jpg in Resources */,
				7A0017021C0D73E800802E6A /* Images.xcassets in Resources */,
				7A00171B1C0D73F500802E6A /* File in Resources */,
			);
			runOnlyForDeploymentPostprocessing = 0;
		};
		7A0017081C0D73E800802E6A /* Resources */ = {
			isa = PBXResourcesBuildPhase;
			buildActionMask = 2147483647;
			files = (
			);
			runOnlyForDeploymentPostprocessing = 0;
		};
/* End PBXResourcesBuildPhase section */

/* Begin PBXSourcesBuildPhase section */
		7A0016F01C0D73E800802E6A /* Sources */ = {
			isa = PBXSourcesBuildPhase;
			buildActionMask = 2147483647;
			files = (
				7A0017001C0D73E800802E6A /* UITableView_Ten_.xcdatamodeld in Sources */,
				7A00171E1C0D744200802E6A /* MangoViewController.m in Sources */,
				7A0016FD1C0D73E800802E6A /* AppDelegate.m in Sources */,
				7A0016FA1C0D73E800802E6A /* main.m in Sources */,
			);
			runOnlyForDeploymentPostprocessing = 0;
		};
		7A0017061C0D73E800802E6A /* Sources */ = {
			isa = PBXSourcesBuildPhase;
			buildActionMask = 2147483647;
			files = (
				7A0017111C0D73E800802E6A /* UITableView_Ten_Tests.m in Sources */,
			);
			runOnlyForDeploymentPostprocessing = 0;
		};
/* End PBXSourcesBuildPhase section */

/* Begin PBXTargetDependency section */
		7A00170C1C0D73E800802E6A /* PBXTargetDependency */ = {
			isa = PBXTargetDependency;
			target = 7A0016F31C0D73E800802E6A /* UITableView（Ten） */;
			targetProxy = 7A00170B1C0D73E800802E6A /* PBXContainerItemProxy */;
		};
/* End PBXTargetDependency section */

/* Begin PBXVariantGroup section */
		7A0017031C0D73E800802E6A /* LaunchScreen.xib */ = {
			isa = PBXVariantGroup;
			children = (
				7A0017041C0D73E800802E6A /* Base */,
			);
			name = LaunchScreen.xib;
			sourceTree = "<group>";
		};
/* End PBXVariantGroup section */

/* Begin XCBuildConfiguration section */
		7A0017121C0D73E800802E6A /* Debug */ = {
			isa = XCBuildConfiguration;
			buildSettings = {
				ALWAYS_SEARCH_USER_PATHS = NO;
				CLANG_CXX_LANGUAGE_STANDARD = "gnu++0x";
				CLANG_CXX_LIBRARY = "libc++";
				CLANG_ENABLE_MODULES = YES;
				CLANG_ENABLE_OBJC_ARC = YES;
				CLANG_WARN_BOOL_CONVERSION = YES;
				CLANG_WARN_CONSTANT_CONVERSION = YES;
				CLANG_WARN_DIRECT_OBJC_ISA_USAGE = YES_ERROR;
				CLANG_WARN_EMPTY_BODY = YES;
				CLANG_WARN_ENUM_CONVERSION = YES;
				CLANG_WARN_INT_CONVERSION = YES;
				CLANG_WARN_OBJC_ROOT_CLASS = YES_ERROR;
				CLANG_WARN_UNREACHABLE_CODE = YES;
				CLANG_WARN__DUPLICATE_METHOD_MATCH = YES;
				"CODE_SIGN_IDENTITY[sdk=iphoneos*]" = "iPhone Developer";
				COPY_PHASE_STRIP = NO;
				ENABLE_STRICT_OBJC_MSGSEND = YES;
				GCC_C_LANGUAGE_STANDARD = gnu99;
				GCC_DYNAMIC_NO_PIC = NO;
				GCC_OPTIMIZATION_LEVEL = 0;
				GCC_PREPROCESSOR_DEFINITIONS = (
					"DEBUG=1",
					"$(inherited)",
				);
				GCC_SYMBOLS_PRIVATE_EXTERN = NO;
				GCC_WARN_64_TO_32_BIT_CONVERSION = YES;
				GCC_WARN_ABOUT_RETURN_TYPE = YES_ERROR;
				GCC_WARN_UNDECLARED_SELECTOR = YES;
				GCC_WARN_UNINITIALIZED_AUTOS = YES_AGGRESSIVE;
				GCC_WARN_UNUSED_FUNCTION = YES;
				GCC_WARN_UNUSED_VARIABLE = YES;
				IPHONEOS_DEPLOYMENT_TARGET = 8.2;
				MTL_ENABLE_DEBUG_INFO = YES;
				ONLY_ACTIVE_ARCH = YES;
				SDKROOT = iphoneos;
			};
			name = Debug;
		};
		7A0017131C0D73E800802E6A /* Release */ = {
			isa = XCBuildConfiguration;
			buildSettings = {
				ALWAYS_SEARCH_USER_PATHS = NO;
				CLANG_CXX_LANGUAGE_STANDARD = "gnu++0x";
				CLANG_CXX_LIBRARY = "libc++";
				CLANG_ENABLE_MODULES = YES;
				CLANG_ENABLE_OBJC_ARC = YES;
				CLANG_WARN_BOOL_CONVERSION = YES;
				CLANG_WARN_CONSTANT_CONVERSION = YES;
				CLANG_WARN_DIRECT_OBJC_ISA_USAGE = YES_ERROR;
				CLANG_WARN_EMPTY_BODY = YES;
				CLANG_WARN_ENUM_CONVERSION = YES;
				CLANG_WARN_INT_CONVERSION = YES;
				CLANG_WARN_OBJC_ROOT_CLASS = YES_ERROR;
				CLANG_WARN_UNREACHABLE_CODE = YES;
				CLANG_WARN__DUPLICATE_METHOD_MATCH = YES;
				"CODE_SIGN_IDENTITY[sdk=iphoneos*]" = "iPhone Developer";
				COPY_PHASE_STRIP = NO;
				ENABLE_NS_ASSERTIONS = NO;
				ENABLE_STRICT_OBJC_MSGSEND = YES;
				GCC_C_LANGUAGE_STANDARD = gnu99;
				GCC_WARN_64_TO_32_BIT_CONVERSION = YES;
				GCC_WARN_ABOUT_RETURN_TYPE = YES_ERROR;
				GCC_WARN_UNDECLARED_SELECTOR = YES;
				GCC_WARN_UNINITIALIZED_AUTOS = YES_AGGRESSIVE;
				GCC_WARN_UNUSED_FUNCTION = YES;
				GCC_WARN_UNUSED_VARIABLE = YES;
				IPHONEOS_DEPLOYMENT_TARGET = 8.2;
				MTL_ENABLE_DEBUG_INFO = NO;
				SDKROOT = iphoneos;
				VALIDATE_PRODUCT = YES;
			};
			name = Release;
		};
		7A0017151C0D73E800802E6A /* Debug */ = {
			isa = XCBuildConfiguration;
			buildSettings = {
				ASSETCATALOG_COMPILER_APPICON_NAME = AppIcon;
				CLANG_ENABLE_OBJC_ARC = NO;
				INFOPLIST_FILE = "UITableView（Ten）/Info.plist";
				LD_RUNPATH_SEARCH_PATHS = "$(inherited) @executable_path/Frameworks";
				PRODUCT_NAME = "$(TARGET_NAME)";
			};
			name = Debug;
		};
		7A0017161C0D73E800802E6A /* Release */ = {
			isa = XCBuildConfiguration;
			buildSettings = {
				ASSETCATALOG_COMPILER_APPICON_NAME = AppIcon;
				CLANG_ENABLE_OBJC_ARC = NO;
				INFOPLIST_FILE = "UITableView（Ten）/Info.plist";
				LD_RUNPATH_SEARCH_PATHS = "$(inherited) @executable_path/Frameworks";
				PRODUCT_NAME = "$(TARGET_NAME)";
			};
			name = Release;
		};
		7A0017181C0D73E800802E6A /* Debug */ = {
			isa = XCBuildConfiguration;
			buildSettings = {
				BUNDLE_LOADER = "$(TEST_HOST)";
				FRAMEWORK_SEARCH_PATHS = (
					"$(SDKROOT)/Developer/Library/Frameworks",
					"$(inherited)",
				);
				GCC_PREPROCESSOR_DEFINITIONS = (
					"DEBUG=1",
					"$(inherited)",
				);
				INFOPLIST_FILE = "UITableView（Ten）Tests/Info.plist";
				LD_RUNPATH_SEARCH_PATHS = "$(inherited) @executable_path/Frameworks @loader_path/Frameworks";
				PRODUCT_NAME = "$(TARGET_NAME)";
				TEST_HOST = "$(BUILT_PRODUCTS_DIR)/UITableView（Ten）.app/UITableView（Ten）";
			};
			name = Debug;
		};
		7A0017191C0D73E800802E6A /* Release */ = {
			isa = XCBuildConfiguration;
			buildSettings = {
				BUNDLE_LOADER = "$(TEST_HOST)";
				FRAMEWORK_SEARCH_PATHS = (
					"$(SDKROOT)/Developer/Library/Frameworks",
					"$(inherited)",
				);
				INFOPLIST_FILE = "UITableView（Ten）Tests/Info.plist";
				LD_RUNPATH_SEARCH_PATHS = "$(inherited) @executable_path/Frameworks @loader_path/Frameworks";
				PRODUCT_NAME = "$(TARGET_NAME)";
				TEST_HOST = "$(BUILT_PRODUCTS_DIR)/UITableView（Ten）.app/UITableView（Ten）";
			};
			name = Release;
		};
/* End XCBuildConfiguration section */

/* Begin XCConfigurationList section */
		7A0016EF1C0D73E800802E6A /* Build configuration list for PBXProject "UITableView（Ten）" */ = {
			isa = XCConfigurationList;
			buildConfigurations = (
				7A0017121C0D73E800802E6A /* Debug */,
				7A0017131C0D73E800802E6A /* Release */,
			);
			defaultConfigurationIsVisible = 0;
			defaultConfigurationName = Release;
		};
		7A0017141C0D73E800802E6A /* Build configuration list for PBXNativeTarget "UITableView（Ten）" */ = {
			isa = XCConfigurationList;
			buildConfigurations = (
				7A0017151C0D73E800802E6A /* Debug */,
				7A0017161C0D73E800802E6A /* Release */,
			);
			defaultConfigurationIsVisible = 0;
			defaultConfigurationName = Release;
		};
		7A0017171C0D73E800802E6A /* Build configuration list for PBXNativeTarget "UITableView（Ten）Tests" */ = {
			isa = XCConfigurationList;
			buildConfigurations = (
				7A0017181C0D73E800802E6A /* Debug */,
				7A0017191C0D73E800802E6A /* Release */,
			);
			defaultConfigurationIsVisible = 0;
			defaultConfigurationName = Release;
		};
/* End XCConfigurationList section */

/* Begin XCVersionGroup section */
		7A0016FE1C0D73E800802E6A /* UITableView_Ten_.xcdatamodeld */ = {
			isa = XCVersionGroup;
			children = (
				7A0016FF1C0D73E800802E6A /* UITableView_Ten_.xcdatamodel */,
			);
			currentVersion = 7A0016FF1C0D73E800802E6A /* UITableView_Ten_.xcdatamodel */;
			path = UITableView_Ten_.xcdatamodeld;
			sourceTree = "<group>";
			versionGroupType = wrapper.xcdatamodel;
		};
/* End XCVersionGroup section */
	};
	rootObject = 7A0016EC1C0D73E800802E6A /* Project object */;
}
